
Microsoft Visual Studio Solution File, Format Version 12.00
# Visual Studio Version 17
VisualStudioVersion = 17.7.34024.191
MinimumVisualStudioVersion = 10.0.40219.1
Project("{9A19103F-16F7-4668-BE54-9A1E7A4F7556}") = "ERXProject.API", "ERXProject.API\ERXProject.API.csproj", "{EC9B136B-0D85-44D8-8546-C57CAA10142C}"
EndProject
Project("{9A19103F-16F7-4668-BE54-9A1E7A4F7556}") = "ERXProject.Core", "ERXProject.Core\ERXProject.Core.csproj", "{E88ACD90-5269-4FD8-AA94-84032438CFA6}"
EndProject
Project("{9A19103F-16F7-4668-BE54-9A1E7A4F7556}") = "ERXProject.Services", "ERXProject.Services\ERXProject.Services.csproj", "{ADAE2047-6749-4A8D-9A54-84DBC298A1B8}"
EndProject
Project("{9A19103F-16F7-4668-BE54-9A1E7A4F7556}") = "ERXProject.Repositories", "ERXProject.Repositories\ERXProject.Repositories.csproj", "{254AA05E-A67B-4C0E-9E11-E68D15FFCB63}"
EndProject
Global
	GlobalSection(SolutionConfigurationPlatforms) = preSolution
		Debug|Any CPU = Debug|Any CPU
		Release|Any CPU = Release|Any CPU
	EndGlobalSection
	GlobalSection(ProjectConfigurationPlatforms) = postSolution
		{EC9B136B-0D85-44D8-8546-C57CAA10142C}.Debug|Any CPU.ActiveCfg = Debug|Any CPU
		{EC9B136B-0D85-44D8-8546-C57CAA10142C}.Debug|Any CPU.Build.0 = Debug|Any CPU
		{EC9B136B-0D85-44D8-8546-C57CAA10142C}.Release|Any CPU.ActiveCfg = Release|Any CPU
		{EC9B136B-0D85-44D8-8546-C57CAA10142C}.Release|Any CPU.Build.0 = Release|Any CPU
		{E88ACD90-5269-4FD8-AA94-84032438CFA6}.Debug|Any CPU.ActiveCfg = Debug|Any CPU
		{E88ACD90-5269-4FD8-AA94-84032438CFA6}.Debug|Any CPU.Build.0 = Debug|Any CPU
		{E88ACD90-5269-4FD8-AA94-84032438CFA6}.Release|Any CPU.ActiveCfg = Release|Any CPU
		{E88ACD90-5269-4FD8-AA94-84032438CFA6}.Release|Any CPU.Build.0 = Release|Any CPU
		{ADAE2047-6749-4A8D-9A54-84DBC298A1B8}.Debug|Any CPU.ActiveCfg = Debug|Any CPU
		{ADAE2047-6749-4A8D-9A54-84DBC298A1B8}.Debug|Any CPU.Build.0 = Debug|Any CPU
		{ADAE2047-6749-4A8D-9A54-84DBC298A1B8}.Release|Any CPU.ActiveCfg = Release|Any CPU
		{ADAE2047-6749-4A8D-9A54-84DBC298A1B8}.Release|Any CPU.Build.0 = Release|Any CPU
		{254AA05E-A67B-4C0E-9E11-E68D15FFCB63}.Debug|Any CPU.ActiveCfg = Debug|Any CPU
		{254AA05E-A67B-4C0E-9E11-E68D15FFCB63}.Debug|Any CPU.Build.0 = Debug|Any CPU
		{254AA05E-A67B-4C0E-9E11-E68D15FFCB63}.Release|Any CPU.ActiveCfg = Release|Any CPU
		{254AA05E-A67B-4C0E-9E11-E68D15FFCB63}.Release|Any CPU.Build.0 = Release|Any CPU
	EndGlobalSection
	GlobalSection(SolutionProperties) = preSolution
		HideSolutionNode = FALSE
	EndGlobalSection
	GlobalSection(ExtensibilityGlobals) = postSolution
		SolutionGuid = {1F66FCE7-DEC3-42AC-8F47-D2C6C5D276E5}
	EndGlobalSection
EndGlobal
